
Microsoft Visual Studio Solution File, Format Version 12.00
# Visual Studio Version 17
VisualStudioVersion = 17.0.32112.339
MinimumVisualStudioVersion = 10.0.40219.1
Project("{FAE04EC0-301F-11D3-BF4B-00C04F79EFBC}") = "Test de Personalidad", "Test de Personalidad\Test de Personalidad.csproj", "{002010BD-75AA-426F-BCA4-C37488C5E001}"
EndProject
Global
	GlobalSection(SolutionConfigurationPlatforms) = preSolution
		Debug|Any CPU = Debug|Any CPU
		Release|Any CPU = Release|Any CPU
	EndGlobalSection
	GlobalSection(ProjectConfigurationPlatforms) = postSolution
		{002010BD-75AA-426F-BCA4-C37488C5E001}.Debug|Any CPU.ActiveCfg = Debug|Any CPU
		{002010BD-75AA-426F-BCA4-C37488C5E001}.Debug|Any CPU.Build.0 = Debug|Any CPU
		{002010BD-75AA-426F-BCA4-C37488C5E001}.Release|Any CPU.ActiveCfg = Release|Any CPU
		{002010BD-75AA-426F-BCA4-C37488C5E001}.Release|Any CPU.Build.0 = Release|Any CPU
	EndGlobalSection
	GlobalSection(SolutionProperties) = preSolution
		HideSolutionNode = FALSE
	EndGlobalSection
	GlobalSection(ExtensibilityGlobals) = postSolution
		SolutionGuid = {27E86CFA-DB67-41C9-B162-77ADE3AC0C7C}
	EndGlobalSection
EndGlobal
